github.com/a-h/templ v0.3.977 h1:kiKAPXTZE2Iaf8JbtM21r54A8bCNsncrfnokZZSrSDg=
github.com/a-h/templ v0.3.977/go.mod h1:oCZcnKRf5jjsGpf2yELzQfodLphd2mwecwG4Crk5HBo=
github.com/davecgh/go-spew v1.1.1 h1:vj9j/u1bqnvCEfJOwUhtlOARqs3+rkHYY13jYWTU97c=
github.com/davecgh/go-spew v1.1.1/go.mod h1:J7Y8YcW2NihsgmVo/mv3lAwl/skON4iLHjSsI+c5H38=
github.com/google/go-cmp v0.6.0 h1:ofyhxvXcZhMsU5ulbFiLKl/XBFqE1GSq7atu8tAmTRI=
github.com/google/go-cmp v0.6.0/go.mod h1:17dUlkBOakJ0+DkrSSNjCkIjxS6bF9zb3elmeNGIjoY=
github.com/joho/godotenv v1.5.1 h1:7eLL/+HRGLY0ldzfGMeQkb7vMd0as4CfYvUVzLqw0N0=
github.com/joho/godotenv v1.5.1/go.mod h1:f4LDr5Voq0i2e/R5DDNOoa2zzDfwtkZa6DnEwAbqwq4=
github.com/loissascha/go-http-server v0.2.0 h1:U/d+WenrGdOucsts4JXkhTDlueqDBOX0XfvhnRXOSOw=
github.com/loissascha/go-http-server v0.2.0/go.mod h1:kiVUnzuChbQyRc0BDlCXJH8Rlpz4DPgyWhm/g8LRV8A=
github.com/loissascha/go-logger v0.0.3 h1:v1dWabvg3zeK2LcBLrp0zapFCrJ7zGCozakngmOJt6Q=
github.com/loissascha/go-logger v0.0.3/go.mod h1:+02DkkcFy25jMn9gLTzWTfqeDa5eiwW9TxwMu0xjnDI=
github.com/loissascha/go-templ-template v0.0.0-20251123055937-44826d4866fd h1:mPbXr9U1fXxul8+5n8lSQn4FE00ROnGH2T/tTfK2A7A=
github.com/loissascha/go-templ-template v0.0.0-20251123055937-44826d4866fd/go.mod h1:EXAwebhrBQwDeQ6947Fy2zyr2OTegI9HOQZLKf7mh28=
github.com/pmezard/go-difflib v1.0.0 h1:4DBwDE0NGyQoBHbLQYPwSUPoCMWR5BEzIk/f1lZbAQM=
github.com/pmezard/go-difflib v1.0.0/go.mod h1:iKH77koFhYxTK1pcRnkKkqfTogsbg7gZNVY4sRDYZ/4=
github.com/stretchr/testify v1.11.1 h1:7s2iGBzp5EwR7/aIZr8ao5+dra3wiQyKjjFuvgVKu7U=
github.com/stretchr/testify v1.11.1/go.mod h1:wZwfW3scLgRK+23gO65QZefKpKQRnfz6sD981Nm4B6U=
gopkg.in/yaml.v3 v3.0.1 h1:fxVm/GzAzEWqLHuvctI91KS9hhNmmWOoWu0XTYJS7CA=
gopkg.in/yaml.v3 v3.0.1/go.mod h1:K4uyk7z7BCEPqu6E+C64Yfv1cQ7kz7rIZviUmN+EgEM=
